
Microsoft Visual Studio Solution File, Format Version 12.00
# Visual Studio Version 17
VisualStudioVersion = 17.0.31521.260
MinimumVisualStudioVersion = 10.0.40219.1
Project("{2150E333-8FDC-42A3-9474-1A3956D46DE8}") = "Application", "Application", "{F9170F91-7978-414D-A690-EDD6E4A8AC83}"
EndProject
Project("{2150E333-8FDC-42A3-9474-1A3956D46DE8}") = "Domain", "Domain", "{0B51421B-BFDE-4AE3-B713-EBC42FF67905}"
EndProject
Project("{2150E333-8FDC-42A3-9474-1A3956D46DE8}") = "Infrastructure.IoC", "Infrastructure.IoC", "{A95DAE29-6A53-4D05-92C4-9456B8FEC277}"
EndProject
Project("{2150E333-8FDC-42A3-9474-1A3956D46DE8}") = "Infrastructure.Data", "Infrastructure.Data", "{D1745F7A-2F26-47DA-AD81-1D8ECEC7E3AB}"
EndProject
Project("{2150E333-8FDC-42A3-9474-1A3956D46DE8}") = "Presentation", "Presentation", "{42258C41-7DB4-4F20-82F2-2A446994F51B}"
EndProject
Project("{9A19103F-16F7-4668-BE54-9A1E7A4F7556}") = "CleanArch.Domain", "CleanArch.Domain\CleanArch.Domain.csproj", "{A7D7D6E6-ACED-4093-9138-0FA604C98746}"
EndProject
Project("{9A19103F-16F7-4668-BE54-9A1E7A4F7556}") = "CleanArch.Infrastructure.Data", "CleanArch.Infrastructure.Data\CleanArch.Infrastructure.Data.csproj", "{DC310DE9-91AF-43DB-AACF-63639AC02C93}"
EndProject
Project("{9A19103F-16F7-4668-BE54-9A1E7A4F7556}") = "CleanArch.Application", "CleanArch.Application\CleanArch.Application.csproj", "{C1B6C25F-DD5F-4684-AE32-B9700ED40575}"
EndProject
Project("{9A19103F-16F7-4668-BE54-9A1E7A4F7556}") = "CleanArch.Infrastructure.IoC", "CleanArch.Infrastructure.IoC\CleanArch.Infrastructure.IoC.csproj", "{BD58B4F8-A52C-4C08-90E9-4291FD48F8C1}"
EndProject
Project("{9A19103F-16F7-4668-BE54-9A1E7A4F7556}") = "CleanArch.Mvc", "CleanArch.Mvc\CleanArch.Mvc.csproj", "{8AD97887-8AF1-4D4F-A63A-B0D722CAA1F6}"
EndProject
Project("{2150E333-8FDC-42A3-9474-1A3956D46DE8}") = "Infrastructure.Bus", "Infrastructure.Bus", "{B73BCB5C-0566-4EC8-9DF2-C9914FB649AD}"
EndProject
Project("{2150E333-8FDC-42A3-9474-1A3956D46DE8}") = "Api", "Api", "{7D22F441-1734-472A-9F40-67ED69354366}"
EndProject
Project("{9A19103F-16F7-4668-BE54-9A1E7A4F7556}") = "CleanArch.Infrastructure.Bus", "CleanArch.Infrastructure.Bus\CleanArch.Infrastructure.Bus.csproj", "{136EAE90-965B-4152-BC06-0E2AD8FC297B}"
EndProject
Project("{FAE04EC0-301F-11D3-BF4B-00C04F79EFBC}") = "CleanArch.Domain.Core", "CleanArch.Domain.Core\CleanArch.Domain.Core.csproj", "{5A6A2EB6-0599-4873-BEAB-2DA275B6E5F4}"
EndProject
Global
	GlobalSection(SolutionConfigurationPlatforms) = preSolution
		Debug|Any CPU = Debug|Any CPU
		Release|Any CPU = Release|Any CPU
	EndGlobalSection
	GlobalSection(ProjectConfigurationPlatforms) = postSolution
		{A7D7D6E6-ACED-4093-9138-0FA604C98746}.Debug|Any CPU.ActiveCfg = Debug|Any CPU
		{A7D7D6E6-ACED-4093-9138-0FA604C98746}.Debug|Any CPU.Build.0 = Debug|Any CPU
		{A7D7D6E6-ACED-4093-9138-0FA604C98746}.Release|Any CPU.ActiveCfg = Release|Any CPU
		{A7D7D6E6-ACED-4093-9138-0FA604C98746}.Release|Any CPU.Build.0 = Release|Any CPU
		{DC310DE9-91AF-43DB-AACF-63639AC02C93}.Debug|Any CPU.ActiveCfg = Debug|Any CPU
		{DC310DE9-91AF-43DB-AACF-63639AC02C93}.Debug|Any CPU.Build.0 = Debug|Any CPU
		{DC310DE9-91AF-43DB-AACF-63639AC02C93}.Release|Any CPU.ActiveCfg = Release|Any CPU
		{DC310DE9-91AF-43DB-AACF-63639AC02C93}.Release|Any CPU.Build.0 = Release|Any CPU
		{C1B6C25F-DD5F-4684-AE32-B9700ED40575}.Debug|Any CPU.ActiveCfg = Debug|Any CPU
		{C1B6C25F-DD5F-4684-AE32-B9700ED40575}.Debug|Any CPU.Build.0 = Debug|Any CPU
		{C1B6C25F-DD5F-4684-AE32-B9700ED40575}.Release|Any CPU.ActiveCfg = Release|Any CPU
		{C1B6C25F-DD5F-4684-AE32-B9700ED40575}.Release|Any CPU.Build.0 = Release|Any CPU
		{BD58B4F8-A52C-4C08-90E9-4291FD48F8C1}.Debug|Any CPU.ActiveCfg = Debug|Any CPU
		{BD58B4F8-A52C-4C08-90E9-4291FD48F8C1}.Debug|Any CPU.Build.0 = Debug|Any CPU
		{BD58B4F8-A52C-4C08-90E9-4291FD48F8C1}.Release|Any CPU.ActiveCfg = Release|Any CPU
		{BD58B4F8-A52C-4C08-90E9-4291FD48F8C1}.Release|Any CPU.Build.0 = Release|Any CPU
		{8AD97887-8AF1-4D4F-A63A-B0D722CAA1F6}.Debug|Any CPU.ActiveCfg = Debug|Any CPU
		{8AD97887-8AF1-4D4F-A63A-B0D722CAA1F6}.Debug|Any CPU.Build.0 = Debug|Any CPU
		{8AD97887-8AF1-4D4F-A63A-B0D722CAA1F6}.Release|Any CPU.ActiveCfg = Release|Any CPU
		{8AD97887-8AF1-4D4F-A63A-B0D722CAA1F6}.Release|Any CPU.Build.0 = Release|Any CPU
		{136EAE90-965B-4152-BC06-0E2AD8FC297B}.Debug|Any CPU.ActiveCfg = Debug|Any CPU
		{136EAE90-965B-4152-BC06-0E2AD8FC297B}.Debug|Any CPU.Build.0 = Debug|Any CPU
		{136EAE90-965B-4152-BC06-0E2AD8FC297B}.Release|Any CPU.ActiveCfg = Release|Any CPU
		{136EAE90-965B-4152-BC06-0E2AD8FC297B}.Release|Any CPU.Build.0 = Release|Any CPU
		{5A6A2EB6-0599-4873-BEAB-2DA275B6E5F4}.Debug|Any CPU.ActiveCfg = Debug|Any CPU
		{5A6A2EB6-0599-4873-BEAB-2DA275B6E5F4}.Debug|Any CPU.Build.0 = Debug|Any CPU
		{5A6A2EB6-0599-4873-BEAB-2DA275B6E5F4}.Release|Any CPU.ActiveCfg = Release|Any CPU
		{5A6A2EB6-0599-4873-BEAB-2DA275B6E5F4}.Release|Any CPU.Build.0 = Release|Any CPU
	EndGlobalSection
	GlobalSection(SolutionProperties) = preSolution
		HideSolutionNode = FALSE
	EndGlobalSection
	GlobalSection(NestedProjects) = preSolution
		{A7D7D6E6-ACED-4093-9138-0FA604C98746} = {0B51421B-BFDE-4AE3-B713-EBC42FF67905}
		{DC310DE9-91AF-43DB-AACF-63639AC02C93} = {D1745F7A-2F26-47DA-AD81-1D8ECEC7E3AB}
		{C1B6C25F-DD5F-4684-AE32-B9700ED40575} = {F9170F91-7978-414D-A690-EDD6E4A8AC83}
		{BD58B4F8-A52C-4C08-90E9-4291FD48F8C1} = {A95DAE29-6A53-4D05-92C4-9456B8FEC277}
		{8AD97887-8AF1-4D4F-A63A-B0D722CAA1F6} = {42258C41-7DB4-4F20-82F2-2A446994F51B}
		{136EAE90-965B-4152-BC06-0E2AD8FC297B} = {B73BCB5C-0566-4EC8-9DF2-C9914FB649AD}
		{5A6A2EB6-0599-4873-BEAB-2DA275B6E5F4} = {0B51421B-BFDE-4AE3-B713-EBC42FF67905}
	EndGlobalSection
	GlobalSection(ExtensibilityGlobals) = postSolution
		SolutionGuid = {93EF771E-0371-48A8-847A-2B2CA6E11135}
	EndGlobalSection
EndGlobal
